
Microsoft Visual Studio Solution File, Format Version 12.00
Project("{FAE04EC0-301F-11D3-BF4B-00C04F79EFBC}") = "Server", "aldwebapptemplate-server\aldwebapptemplate-server.csproj", "{D52DE4C8-F4BE-49BA-A9DD-6CF65FEE0EAF}"
EndProject

Global
	GlobalSection(SolutionConfigurationPlatforms) = preSolution
		Debug|Any CPU = Debug|Any CPU
		Release|Any CPU = Release|Any CPU
	EndGlobalSection
	GlobalSection(ProjectConfigurationPlatforms) = postSolution
		{D52DE4C8-F4BE-49BA-A9DD-6CF65FEE0EAF}.Debug|Any CPU.ActiveCfg = Debug|Any CPU
		{D52DE4C8-F4BE-49BA-A9DD-6CF65FEE0EAF}.Debug|Any CPU.Build.0 = Debug|Any CPU
		{D52DE4C8-F4BE-49BA-A9DD-6CF65FEE0EAF}.Release|Any CPU.ActiveCfg = Release|Any CPU
		{D52DE4C8-F4BE-49BA-A9DD-6CF65FEE0EAF}.Release|Any CPU.Build.0 = Release|Any CPU
	EndGlobalSection
EndGlobal
